
Microsoft Visual Studio Solution File, Format Version 12.00
# Visual Studio 15
VisualStudioVersion = 15.0.28307.852
MinimumVisualStudioVersion = 10.0.40219.1
Project("{8BC9CEB8-8B4A-11D0-8D11-00A0C91BC942}") = "Project17", "Project17\Project17.vcxproj", "{FBCBEE05-240D-4875-8279-493DEA920FDD}"
EndProject
Global
	GlobalSection(SolutionConfigurationPlatforms) = preSolution
		Debug|x64 = Debug|x64
		Debug|x86 = Debug|x86
		Release|x64 = Release|x64
		Release|x86 = Release|x86
	EndGlobalSection
	GlobalSection(ProjectConfigurationPlatforms) = postSolution
		{FBCBEE05-240D-4875-8279-493DEA920FDD}.Debug|x64.ActiveCfg = Debug|x64
		{FBCBEE05-240D-4875-8279-493DEA920FDD}.Debug|x64.Build.0 = Debug|x64
		{FBCBEE05-240D-4875-8279-493DEA920FDD}.Debug|x86.ActiveCfg = Debug|Win32
		{FBCBEE05-240D-4875-8279-493DEA920FDD}.Debug|x86.Build.0 = Debug|Win32
		{FBCBEE05-240D-4875-8279-493DEA920FDD}.Release|x64.ActiveCfg = Release|x64
		{FBCBEE05-240D-4875-8279-493DEA920FDD}.Release|x64.Build.0 = Release|x64
		{FBCBEE05-240D-4875-8279-493DEA920FDD}.Release|x86.ActiveCfg = Release|Win32
		{FBCBEE05-240D-4875-8279-493DEA920FDD}.Release|x86.Build.0 = Release|Win32
	EndGlobalSection
	GlobalSection(SolutionProperties) = preSolution
		HideSolutionNode = FALSE
	EndGlobalSection
	GlobalSection(ExtensibilityGlobals) = postSolution
		SolutionGuid = {247A4330-FAF1-4F51-B8E6-13CF9364BC1F}
	EndGlobalSection
EndGlobal
